
Microsoft Visual Studio Solution File, Format Version 11.00
# Visual Studio 2010
Project("{FAE04EC0-301F-11D3-BF4B-00C04F79EFBC}") = "unitychan-3d-sample", "Assembly-CSharp.csproj", "{43D34583-3AB4-C6B3-08EE-206718490893}"
EndProject
Project("{1E50782A-B64E-C16E-892E-B1A9AD5793E9}") = "unitychan-3d-sample", "Assembly-UnityScript.unityproj", "{607805A5-E7CB-AFD7-C400-04FB96B930A2}"
EndProject
Global
	GlobalSection(SolutionConfigurationPlatforms) = preSolution
		Debug|Any CPU = Debug|Any CPU
		Release|Any CPU = Release|Any CPU
	EndGlobalSection
	GlobalSection(ProjectConfigurationPlatforms) = postSolution
		{43D34583-3AB4-C6B3-08EE-206718490893}.Debug|Any CPU.ActiveCfg = Debug|Any CPU
		{43D34583-3AB4-C6B3-08EE-206718490893}.Debug|Any CPU.Build.0 = Debug|Any CPU
		{43D34583-3AB4-C6B3-08EE-206718490893}.Release|Any CPU.ActiveCfg = Release|Any CPU
		{43D34583-3AB4-C6B3-08EE-206718490893}.Release|Any CPU.Build.0 = Release|Any CPU
		{607805A5-E7CB-AFD7-C400-04FB96B930A2}.Debug|Any CPU.ActiveCfg = Debug|Any CPU
		{607805A5-E7CB-AFD7-C400-04FB96B930A2}.Debug|Any CPU.Build.0 = Debug|Any CPU
		{607805A5-E7CB-AFD7-C400-04FB96B930A2}.Release|Any CPU.ActiveCfg = Release|Any CPU
		{607805A5-E7CB-AFD7-C400-04FB96B930A2}.Release|Any CPU.Build.0 = Release|Any CPU
	EndGlobalSection
	GlobalSection(SolutionProperties) = preSolution
		HideSolutionNode = FALSE
	EndGlobalSection
	GlobalSection(MonoDevelopProperties) = preSolution
		StartupItem = Assembly-CSharp.csproj
	EndGlobalSection
EndGlobal
